
Microsoft Visual Studio Solution File, Format Version 12.00
# Visual Studio Version 17
VisualStudioVersion = 17.1.32319.34
MinimumVisualStudioVersion = 10.0.40219.1
Project("{9A19103F-16F7-4668-BE54-9A1E7A4F7556}") = "Firma", "Firma\Firma.csproj", "{60528F86-4B58-45E9-9D6E-DFBE0CA05C20}"
EndProject
Project("{2150E333-8FDC-42A3-9474-1A3956D46DE8}") = "Solution Items", "Solution Items", "{D26A8256-0314-498F-B1BB-A7807562208D}"
	ProjectSection(SolutionItems) = preProject
		.editorconfig = .editorconfig
	EndProjectSection
EndProject
Global
	GlobalSection(SolutionConfigurationPlatforms) = preSolution
		Debug|Any CPU = Debug|Any CPU
		Release|Any CPU = Release|Any CPU
	EndGlobalSection
	GlobalSection(ProjectConfigurationPlatforms) = postSolution
		{60528F86-4B58-45E9-9D6E-DFBE0CA05C20}.Debug|Any CPU.ActiveCfg = Debug|Any CPU
		{60528F86-4B58-45E9-9D6E-DFBE0CA05C20}.Debug|Any CPU.Build.0 = Debug|Any CPU
		{60528F86-4B58-45E9-9D6E-DFBE0CA05C20}.Release|Any CPU.ActiveCfg = Release|Any CPU
		{60528F86-4B58-45E9-9D6E-DFBE0CA05C20}.Release|Any CPU.Build.0 = Release|Any CPU
	EndGlobalSection
	GlobalSection(SolutionProperties) = preSolution
		HideSolutionNode = FALSE
	EndGlobalSection
	GlobalSection(ExtensibilityGlobals) = postSolution
		SolutionGuid = {2D0E0467-F635-4F58-9B02-0EB2239F949C}
	EndGlobalSection
EndGlobal
